
Microsoft Visual Studio Solution File, Format Version 12.00
# Visual Studio Version 16
VisualStudioVersion = 16.0.30114.105
MinimumVisualStudioVersion = 10.0.40219.1
Project("{FAE04EC0-301F-11D3-BF4B-00C04F79EFBC}") = "ErrorOr", "src\ErrorOr.csproj", "{19633D81-11FE-4C55-AA8D-452D20EEEF98}"
EndProject
Project("{FAE04EC0-301F-11D3-BF4B-00C04F79EFBC}") = "tests", "tests\Tests.csproj", "{0E84EC69-4E4C-4195-907D-06C96D0140A6}"
EndProject
Global
	GlobalSection(SolutionConfigurationPlatforms) = preSolution
		Debug|Any CPU = Debug|Any CPU
		Release|Any CPU = Release|Any CPU
	EndGlobalSection
	GlobalSection(SolutionProperties) = preSolution
		HideSolutionNode = FALSE
	EndGlobalSection
	GlobalSection(ProjectConfigurationPlatforms) = postSolution
		{19633D81-11FE-4C55-AA8D-452D20EEEF98}.Debug|Any CPU.ActiveCfg = Debug|Any CPU
		{19633D81-11FE-4C55-AA8D-452D20EEEF98}.Debug|Any CPU.Build.0 = Debug|Any CPU
		{19633D81-11FE-4C55-AA8D-452D20EEEF98}.Release|Any CPU.ActiveCfg = Release|Any CPU
		{19633D81-11FE-4C55-AA8D-452D20EEEF98}.Release|Any CPU.Build.0 = Release|Any CPU
		{0E84EC69-4E4C-4195-907D-06C96D0140A6}.Debug|Any CPU.ActiveCfg = Debug|Any CPU
		{0E84EC69-4E4C-4195-907D-06C96D0140A6}.Debug|Any CPU.Build.0 = Debug|Any CPU
		{0E84EC69-4E4C-4195-907D-06C96D0140A6}.Release|Any CPU.ActiveCfg = Release|Any CPU
		{0E84EC69-4E4C-4195-907D-06C96D0140A6}.Release|Any CPU.Build.0 = Release|Any CPU
	EndGlobalSection
EndGlobal
